
Microsoft Visual Studio Solution File, Format Version 12.00
# Visual Studio Version 17
VisualStudioVersion = 17.14.36414.22 d17.14
MinimumVisualStudioVersion = 10.0.40219.1
Project("{2150E333-8FDC-42A3-9474-1A3956D46DE8}") = "Services", "Services", "{02EA681E-C7D8-13C7-8484-4AC65E1B71E8}"
EndProject
Project("{2150E333-8FDC-42A3-9474-1A3956D46DE8}") = "Product", "Product", "{726D6A41-5E43-4DCB-BE78-262CA23FD047}"
EndProject
Project("{2150E333-8FDC-42A3-9474-1A3956D46DE8}") = "Cart", "Cart", "{519AF796-D73C-4343-98EC-76EF889F5132}"
EndProject
Project("{2150E333-8FDC-42A3-9474-1A3956D46DE8}") = "Order", "Order", "{A9ADF60C-5D45-4EB4-AE30-CBD710154E45}"
EndProject
Project("{2150E333-8FDC-42A3-9474-1A3956D46DE8}") = "Payment", "Payment", "{2E312D91-B438-457F-93DC-18286AD941AC}"
EndProject
Project("{FAE04EC0-301F-11D3-BF4B-00C04F79EFBC}") = "Product.API", "Services\Product\Product.API\Product.API.csproj", "{8988899B-208D-41B9-8C7C-1BE196464B87}"
EndProject
Project("{2150E333-8FDC-42A3-9474-1A3956D46DE8}") = "BuildingBlocks", "BuildingBlocks", "{2A572684-DF59-412A-9551-B14A4BA20D17}"
EndProject
Project("{FAE04EC0-301F-11D3-BF4B-00C04F79EFBC}") = "BuidlingBlocks", "BuildingBlocks\BuidlingBlocks\BuidlingBlocks.csproj", "{21114A63-2177-4F93-B38E-6B529DD4CD0C}"
EndProject
Project("{FAE04EC0-301F-11D3-BF4B-00C04F79EFBC}") = "Cart.API", "Services\Cart\Cart.API\Cart.API.csproj", "{5569F514-01ED-4816-B5C5-7C7A2CD40F79}"
EndProject
Project("{2150E333-8FDC-42A3-9474-1A3956D46DE8}") = "User", "User", "{4D015DF4-10A5-40E0-B7CB-60FCB6187B77}"
EndProject
Project("{FAE04EC0-301F-11D3-BF4B-00C04F79EFBC}") = "User.API", "Services\User\User.API\User.API.csproj", "{FBBC75D6-291D-4B82-8FC7-F2EF0556D408}"
EndProject
Project("{2150E333-8FDC-42A3-9474-1A3956D46DE8}") = "Workers", "Workers", "{D5796B6C-650D-4945-BEE5-6D99B3A21588}"
EndProject
Project("{2150E333-8FDC-42A3-9474-1A3956D46DE8}") = "CognitoLambdaTriggers", "CognitoLambdaTriggers", "{F312C59F-55B5-44AF-B4DB-1A637B6FB80A}"
EndProject
Project("{FAE04EC0-301F-11D3-BF4B-00C04F79EFBC}") = "CognitoLambdaTriggers", "Workers\CognitorLambdaTriggers\CognitoLambdaTriggers\CognitoLambdaTriggers.csproj", "{F93B1705-A786-4144-A54C-E85921A2E445}"
EndProject
Global
	GlobalSection(SolutionConfigurationPlatforms) = preSolution
		Debug|Any CPU = Debug|Any CPU
		Release|Any CPU = Release|Any CPU
	EndGlobalSection
	GlobalSection(ProjectConfigurationPlatforms) = postSolution
		{8988899B-208D-41B9-8C7C-1BE196464B87}.Debug|Any CPU.ActiveCfg = Debug|Any CPU
		{8988899B-208D-41B9-8C7C-1BE196464B87}.Debug|Any CPU.Build.0 = Debug|Any CPU
		{8988899B-208D-41B9-8C7C-1BE196464B87}.Release|Any CPU.ActiveCfg = Release|Any CPU
		{8988899B-208D-41B9-8C7C-1BE196464B87}.Release|Any CPU.Build.0 = Release|Any CPU
		{21114A63-2177-4F93-B38E-6B529DD4CD0C}.Debug|Any CPU.ActiveCfg = Debug|Any CPU
		{21114A63-2177-4F93-B38E-6B529DD4CD0C}.Debug|Any CPU.Build.0 = Debug|Any CPU
		{21114A63-2177-4F93-B38E-6B529DD4CD0C}.Release|Any CPU.ActiveCfg = Release|Any CPU
		{21114A63-2177-4F93-B38E-6B529DD4CD0C}.Release|Any CPU.Build.0 = Release|Any CPU
		{5569F514-01ED-4816-B5C5-7C7A2CD40F79}.Debug|Any CPU.ActiveCfg = Debug|Any CPU
		{5569F514-01ED-4816-B5C5-7C7A2CD40F79}.Debug|Any CPU.Build.0 = Debug|Any CPU
		{5569F514-01ED-4816-B5C5-7C7A2CD40F79}.Release|Any CPU.ActiveCfg = Release|Any CPU
		{5569F514-01ED-4816-B5C5-7C7A2CD40F79}.Release|Any CPU.Build.0 = Release|Any CPU
		{FBBC75D6-291D-4B82-8FC7-F2EF0556D408}.Debug|Any CPU.ActiveCfg = Debug|Any CPU
		{FBBC75D6-291D-4B82-8FC7-F2EF0556D408}.Debug|Any CPU.Build.0 = Debug|Any CPU
		{FBBC75D6-291D-4B82-8FC7-F2EF0556D408}.Release|Any CPU.ActiveCfg = Release|Any CPU
		{FBBC75D6-291D-4B82-8FC7-F2EF0556D408}.Release|Any CPU.Build.0 = Release|Any CPU
		{F93B1705-A786-4144-A54C-E85921A2E445}.Debug|Any CPU.ActiveCfg = Debug|Any CPU
		{F93B1705-A786-4144-A54C-E85921A2E445}.Debug|Any CPU.Build.0 = Debug|Any CPU
		{F93B1705-A786-4144-A54C-E85921A2E445}.Release|Any CPU.ActiveCfg = Release|Any CPU
		{F93B1705-A786-4144-A54C-E85921A2E445}.Release|Any CPU.Build.0 = Release|Any CPU
	EndGlobalSection
	GlobalSection(SolutionProperties) = preSolution
		HideSolutionNode = FALSE
	EndGlobalSection
	GlobalSection(NestedProjects) = preSolution
		{726D6A41-5E43-4DCB-BE78-262CA23FD047} = {02EA681E-C7D8-13C7-8484-4AC65E1B71E8}
		{519AF796-D73C-4343-98EC-76EF889F5132} = {02EA681E-C7D8-13C7-8484-4AC65E1B71E8}
		{A9ADF60C-5D45-4EB4-AE30-CBD710154E45} = {02EA681E-C7D8-13C7-8484-4AC65E1B71E8}
		{2E312D91-B438-457F-93DC-18286AD941AC} = {02EA681E-C7D8-13C7-8484-4AC65E1B71E8}
		{8988899B-208D-41B9-8C7C-1BE196464B87} = {726D6A41-5E43-4DCB-BE78-262CA23FD047}
		{21114A63-2177-4F93-B38E-6B529DD4CD0C} = {2A572684-DF59-412A-9551-B14A4BA20D17}
		{5569F514-01ED-4816-B5C5-7C7A2CD40F79} = {519AF796-D73C-4343-98EC-76EF889F5132}
		{4D015DF4-10A5-40E0-B7CB-60FCB6187B77} = {02EA681E-C7D8-13C7-8484-4AC65E1B71E8}
		{FBBC75D6-291D-4B82-8FC7-F2EF0556D408} = {4D015DF4-10A5-40E0-B7CB-60FCB6187B77}
		{F312C59F-55B5-44AF-B4DB-1A637B6FB80A} = {D5796B6C-650D-4945-BEE5-6D99B3A21588}
		{F93B1705-A786-4144-A54C-E85921A2E445} = {F312C59F-55B5-44AF-B4DB-1A637B6FB80A}
	EndGlobalSection
	GlobalSection(ExtensibilityGlobals) = postSolution
		SolutionGuid = {539119DB-A3E0-477E-B284-1B15C2C438C7}
	EndGlobalSection
EndGlobal
